
Microsoft Visual Studio Solution File, Format Version 12.00
# Visual Studio Version 17
VisualStudioVersion = 17.3.32825.248
MinimumVisualStudioVersion = 10.0.40219.1
Project("{9A19103F-16F7-4668-BE54-9A1E7A4F7556}") = "FractionsConsoleApp", "FranctionsConsoleApp\FractionsConsoleApp.csproj", "{EAC80310-4C1F-4F75-9C13-733B8C55DBF8}"
EndProject
Project("{9A19103F-16F7-4668-BE54-9A1E7A4F7556}") = "FractionsLibrary", "FractionsLibrary\FractionsLibrary.csproj", "{D04DF2E0-7A3E-4594-9647-CD5DD529C062}"
EndProject
Project("{9A19103F-16F7-4668-BE54-9A1E7A4F7556}") = "TestFractionLibrary", "TestFractionLibrary\TestFractionLibrary.csproj", "{205F5190-0571-4383-B6BB-757FBAD7D013}"
EndProject
Project("{FAE04EC0-301F-11D3-BF4B-00C04F79EFBC}") = "WPFFractionCalculator", "WPFFractionCalculator\WPFFractionCalculator.csproj", "{981D8773-26FE-4F19-B208-EE0D8140F5A7}"
EndProject
Global
	GlobalSection(SolutionConfigurationPlatforms) = preSolution
		Debug|Any CPU = Debug|Any CPU
		Release|Any CPU = Release|Any CPU
	EndGlobalSection
	GlobalSection(ProjectConfigurationPlatforms) = postSolution
		{EAC80310-4C1F-4F75-9C13-733B8C55DBF8}.Debug|Any CPU.ActiveCfg = Debug|Any CPU
		{EAC80310-4C1F-4F75-9C13-733B8C55DBF8}.Debug|Any CPU.Build.0 = Debug|Any CPU
		{EAC80310-4C1F-4F75-9C13-733B8C55DBF8}.Release|Any CPU.ActiveCfg = Release|Any CPU
		{EAC80310-4C1F-4F75-9C13-733B8C55DBF8}.Release|Any CPU.Build.0 = Release|Any CPU
		{D04DF2E0-7A3E-4594-9647-CD5DD529C062}.Debug|Any CPU.ActiveCfg = Debug|Any CPU
		{D04DF2E0-7A3E-4594-9647-CD5DD529C062}.Debug|Any CPU.Build.0 = Debug|Any CPU
		{D04DF2E0-7A3E-4594-9647-CD5DD529C062}.Release|Any CPU.ActiveCfg = Release|Any CPU
		{D04DF2E0-7A3E-4594-9647-CD5DD529C062}.Release|Any CPU.Build.0 = Release|Any CPU
		{205F5190-0571-4383-B6BB-757FBAD7D013}.Debug|Any CPU.ActiveCfg = Debug|Any CPU
		{205F5190-0571-4383-B6BB-757FBAD7D013}.Debug|Any CPU.Build.0 = Debug|Any CPU
		{205F5190-0571-4383-B6BB-757FBAD7D013}.Release|Any CPU.ActiveCfg = Release|Any CPU
		{205F5190-0571-4383-B6BB-757FBAD7D013}.Release|Any CPU.Build.0 = Release|Any CPU
		{981D8773-26FE-4F19-B208-EE0D8140F5A7}.Debug|Any CPU.ActiveCfg = Debug|Any CPU
		{981D8773-26FE-4F19-B208-EE0D8140F5A7}.Debug|Any CPU.Build.0 = Debug|Any CPU
		{981D8773-26FE-4F19-B208-EE0D8140F5A7}.Release|Any CPU.ActiveCfg = Release|Any CPU
		{981D8773-26FE-4F19-B208-EE0D8140F5A7}.Release|Any CPU.Build.0 = Release|Any CPU
	EndGlobalSection
	GlobalSection(SolutionProperties) = preSolution
		HideSolutionNode = FALSE
	EndGlobalSection
	GlobalSection(ExtensibilityGlobals) = postSolution
		SolutionGuid = {28E19BD4-6C21-4119-A334-D1FB8547B85D}
	EndGlobalSection
EndGlobal
